Microsoft Visual Studio Solution File, Format Version 12.00
# Visual Studio Version 17
VisualStudioVersion = 17.5.2.0
MinimumVisualStudioVersion = 10.0.40219.1
Project("{FAE04EC0-301F-11D3-BF4B-00C04F79EFBC}") = "VerificadorDeCPF", "VerificadorDeCPF.csproj", "{689A4729-38DE-3FDB-98AC-2A78E76C4D2D}"
EndProject
Global
	GlobalSection(SolutionConfigurationPlatforms) = preSolution
		Debug|Any CPU = Debug|Any CPU
		Release|Any CPU = Release|Any CPU
	EndGlobalSection
	GlobalSection(ProjectConfigurationPlatforms) = postSolution
		{689A4729-38DE-3FDB-98AC-2A78E76C4D2D}.Debug|Any CPU.ActiveCfg = Debug|Any CPU
		{689A4729-38DE-3FDB-98AC-2A78E76C4D2D}.Debug|Any CPU.Build.0 = Debug|Any CPU
		{689A4729-38DE-3FDB-98AC-2A78E76C4D2D}.Release|Any CPU.ActiveCfg = Release|Any CPU
		{689A4729-38DE-3FDB-98AC-2A78E76C4D2D}.Release|Any CPU.Build.0 = Release|Any CPU
	EndGlobalSection
	GlobalSection(SolutionProperties) = preSolution
		HideSolutionNode = FALSE
	EndGlobalSection
	GlobalSection(ExtensibilityGlobals) = postSolution
		SolutionGuid = {69150745-ACA7-4EA0-83D0-2089A9DBFE6B}
	EndGlobalSection
EndGlobal
